{
  "name": "gll-play-localization",
  "version": "1.0.177",
  "lockfileVersion": 1,
  "requires": true,
  "dependencies": {
    "properties-to-json": {
      "version": "0.1.4",
      "resolved": "https://registry.npmjs.org/properties-to-json/-/properties-to-json-0.1.4.tgz",
      "integrity": "sha512-6SZYsKKsKsdqyEKWzwhM1PkkIIZ4ivETsJK0md6ngRzhEJ6TfZprEOEqpmJ8HHcycqPLheOwdak43xvsyDgR0w=="
    }
  }
}
